
Microsoft Visual Studio Solution File, Format Version 12.00
# Visual Studio 15
VisualStudioVersion = 15.0.28010.2036
MinimumVisualStudioVersion = 10.0.40219.1
Project("{9A19103F-16F7-4668-BE54-9A1E7A4F7556}") = "MyWebServer.HTTP", "MyWebServer.HTTP\MyWebServer.HTTP.csproj", "{0DE1891B-BD6B-4CA5-8017-8EDAAFDC18FD}"
EndProject
Project("{9A19103F-16F7-4668-BE54-9A1E7A4F7556}") = "MyWebServer.WebServer", "MyWebServer.WebServer\MyWebServer.WebServer.csproj", "{40DAC982-B365-445B-902F-33300B054559}"
EndProject
Project("{FAE04EC0-301F-11D3-BF4B-00C04F79EFBC}") = "MyWebServer.Demo", "MyWebServer.Demo\MyWebServer.Demo.csproj", "{4D03C31D-7D37-4716-A36D-30A7A8123132}"
EndProject
Global
	GlobalSection(SolutionConfigurationPlatforms) = preSolution
		Debug|Any CPU = Debug|Any CPU
		Release|Any CPU = Release|Any CPU
	EndGlobalSection
	GlobalSection(ProjectConfigurationPlatforms) = postSolution
		{0DE1891B-BD6B-4CA5-8017-8EDAAFDC18FD}.Debug|Any CPU.ActiveCfg = Debug|Any CPU
		{0DE1891B-BD6B-4CA5-8017-8EDAAFDC18FD}.Debug|Any CPU.Build.0 = Debug|Any CPU
		{0DE1891B-BD6B-4CA5-8017-8EDAAFDC18FD}.Release|Any CPU.ActiveCfg = Release|Any CPU
		{0DE1891B-BD6B-4CA5-8017-8EDAAFDC18FD}.Release|Any CPU.Build.0 = Release|Any CPU
		{40DAC982-B365-445B-902F-33300B054559}.Debug|Any CPU.ActiveCfg = Debug|Any CPU
		{40DAC982-B365-445B-902F-33300B054559}.Debug|Any CPU.Build.0 = Debug|Any CPU
		{40DAC982-B365-445B-902F-33300B054559}.Release|Any CPU.ActiveCfg = Release|Any CPU
		{40DAC982-B365-445B-902F-33300B054559}.Release|Any CPU.Build.0 = Release|Any CPU
		{4D03C31D-7D37-4716-A36D-30A7A8123132}.Debug|Any CPU.ActiveCfg = Debug|Any CPU
		{4D03C31D-7D37-4716-A36D-30A7A8123132}.Debug|Any CPU.Build.0 = Debug|Any CPU
		{4D03C31D-7D37-4716-A36D-30A7A8123132}.Release|Any CPU.ActiveCfg = Release|Any CPU
		{4D03C31D-7D37-4716-A36D-30A7A8123132}.Release|Any CPU.Build.0 = Release|Any CPU
	EndGlobalSection
	GlobalSection(SolutionProperties) = preSolution
		HideSolutionNode = FALSE
	EndGlobalSection
	GlobalSection(ExtensibilityGlobals) = postSolution
		SolutionGuid = {3FD4CF3C-0CE6-41B6-B6FC-614FC4502CA3}
	EndGlobalSection
EndGlobal
